{
  "name": "clonevyproject",
  "version": "1.0.0",
  "lockfileVersion": 3,
  "requires": true,
  "packages": {
    "": {
      "name": "clonevyproject",
      "version": "1.0.0",
      "license": "ISC",
      "dependencies": {
        "axios": "^0.17.0",
        "cookieparser": "^0.1.0",
        "moment": "^2.30.1",
        "tinymce": "^7.1.0",
        "urlencode": "^2.0.0"
      }
    },
    "node_modules/axios": {
      "version": "0.17.1",
      "resolved": "https://registry.npmjs.org/axios/-/axios-0.17.1.tgz",
      "integrity": "sha512-mZzWRyJeJ0rtK7e1/6iYBUzmeXjzei+1h1IvbedyU0sB52++tU5AU6r6TLXpwNVR0ebXIpvTVW+9CpWNyc1n8w==",
      "deprecated": "Critical security vulnerability fixed in v0.21.1. For more information, see https://github.com/axios/axios/pull/3410",
      "dependencies": {
        "follow-redirects": "^1.2.5",
        "is-buffer": "^1.1.5"
      }
    },
    "node_modules/cookieparser": {
      "version": "0.1.0",
      "resolved": "https://registry.npmjs.org/cookieparser/-/cookieparser-0.1.0.tgz",
      "integrity": "sha512-+eHibHast+i+CEoFMQ7y9e4l/SBdWTHhWH6yidaPCYW2S/PmxRfbT1fAle/5WvbzQ6u092qX8XvfmICNtVestQ=="
    },
    "node_modules/follow-redirects": {
      "version": "1.15.6",
      "resolved": "https://registry.npmjs.org/follow-redirects/-/follow-redirects-1.15.6.tgz",
      "integrity": "sha512-wWN62YITEaOpSK584EZXJafH1AGpO8RVgElfkuXbTOrPX4fIfOyEpW/CsiNd8JdYrAoOvafRTOEnvsO++qCqFA==",
      "funding": [
        {
          "type": "individual",
          "url": "https://github.com/sponsors/RubenVerborgh"
        }
      ],
      "engines": {
        "node": ">=4.0"
      },
      "peerDependenciesMeta": {
        "debug": {
          "optional": true
        }
      }
    },
    "node_modules/iconv-lite": {
      "version": "0.6.3",
      "resolved": "https://registry.npmjs.org/iconv-lite/-/iconv-lite-0.6.3.tgz",
      "integrity": "sha512-4fCk79wshMdzMp2rH06qWrJE4iolqLhCUH+OiuIgU++RB0+94NlDL81atO7GX55uUKueo0txHNtvEyI6D7WdMw==",
      "dependencies": {
        "safer-buffer": ">= 2.1.2 < 3.0.0"
      },
      "engines": {
        "node": ">=0.10.0"
      }
    },
    "node_modules/is-buffer": {
      "version": "1.1.6",
      "resolved": "https://registry.npmjs.org/is-buffer/-/is-buffer-1.1.6.tgz",
      "integrity": "sha512-NcdALwpXkTm5Zvvbk7owOUSvVvBKDgKP5/ewfXEznmQFfs4ZRmanOeKBTjRVjka3QFoN6XJ+9F3USqfHqTaU5w=="
    },
    "node_modules/moment": {
      "version": "2.30.1",
      "resolved": "https://registry.npmjs.org/moment/-/moment-2.30.1.tgz",
      "integrity": "sha512-uEmtNhbDOrWPFS+hdjFCBfy9f2YoyzRpwcl+DqpC6taX21FzsTLQVbMV/W7PzNSX6x/bhC1zA3c2UQ5NzH6how==",
      "engines": {
        "node": "*"
      }
    },
    "node_modules/safer-buffer": {
      "version": "2.1.2",
      "resolved": "https://registry.npmjs.org/safer-buffer/-/safer-buffer-2.1.2.tgz",
      "integrity": "sha512-YZo3K82SD7Riyi0E1EQPojLz7kpepnSQI9IyPbHHg1XXXevb5dJI7tpyN2ADxGcQbHG7vcyRHk0cbwqcQriUtg=="
    },
    "node_modules/tinymce": {
      "version": "7.1.0",
      "resolved": "https://registry.npmjs.org/tinymce/-/tinymce-7.1.0.tgz",
      "integrity": "sha512-KP5X9P7CIvaafu0XLiMidFWhjyYiOWcfY9hj/YbQSu9LcrZv7XXnXgb5Fgw7dA12lg7hqdTiRva+NKxoXaAbIA=="
    },
    "node_modules/urlencode": {
      "version": "2.0.0",
      "resolved": "https://registry.npmjs.org/urlencode/-/urlencode-2.0.0.tgz",
      "integrity": "sha512-K4+koEq4II9FqKKdLyMwfVFiWvTLJsdsIihXCprumjlOwpviO44E4hAhLYBLb6CEVTZh9hXXMTQHIT+Hwv5BPw==",
      "dependencies": {
        "iconv-lite": "~0.6.3"
      }
    }
  }
}
